// !$*UTF8*$!
{
	archiveVersion = 1;
	classes = {
	};
	objectVersion = 48;
	objects = {

/* Begin PBXBuildFile section */
		01E514794D2A40B7D29596AB /* Pods_MVVMTests.framework in Frameworks */ = {isa = PBXBuildFile; fileRef = 0143534570879194959F152E /* Pods_MVVMTests.framework */; };
		1962C4121FA962E2001A1024 /* Constants.swift in Sources */ = {isa = PBXBuildFile; fileRef = 1962C4111FA962E2001A1024 /* Constants.swift */; };
		1962C4151FA9636E001A1024 /* PhotoService.swift in Sources */ = {isa = PBXBuildFile; fileRef = 1962C4141FA9636E001A1024 /* PhotoService.swift */; };
		1962C4171FA963B5001A1024 /* Photo.swift in Sources */ = {isa = PBXBuildFile; fileRef = 1962C4161FA963B5001A1024 /* Photo.swift */; };
		1962C4191FA9648E001A1024 /* Photographer.swift in Sources */ = {isa = PBXBuildFile; fileRef = 1962C4181FA9648E001A1024 /* Photographer.swift */; };
		1962C41B1FA96A6E001A1024 /* PhotoViewModel.swift in Sources */ = {isa = PBXBuildFile; fileRef = 1962C41A1FA96A6E001A1024 /* PhotoViewModel.swift */; };
		1962C41D1FA96D2E001A1024 /* PhotoExplorerController.storyboard in Resources */ = {isa = PBXBuildFile; fileRef = 1962C41C1FA96D2E001A1024 /* PhotoExplorerController.storyboard */; };
		1962C41F1FA96E60001A1024 /* PhotoCell.swift in Sources */ = {isa = PBXBuildFile; fileRef = 1962C41E1FA96E60001A1024 /* PhotoCell.swift */; };
		1962C4231FA96ECA001A1024 /* PhotoExplorerController.swift in Sources */ = {isa = PBXBuildFile; fileRef = 1962C4221FA96ECA001A1024 /* PhotoExplorerController.swift */; };
		1970EC8B1FA597960018AA40 /* AppDelegate.swift in Sources */ = {isa = PBXBuildFile; fileRef = 1970EC8A1FA597960018AA40 /* AppDelegate.swift */; };
		1970EC921FA597960018AA40 /* Assets.xcassets in Resources */ = {isa = PBXBuildFile; fileRef = 1970EC911FA597960018AA40 /* Assets.xcassets */; };
		1970EC951FA597960018AA40 /* LaunchScreen.storyboard in Resources */ = {isa = PBXBuildFile; fileRef = 1970EC931FA597960018AA40 /* LaunchScreen.storyboard */; };
		1970ECA01FA597960018AA40 /* MVVMTests.swift in Sources */ = {isa = PBXBuildFile; fileRef = 1970EC9F1FA597960018AA40 /* MVVMTests.swift */; };
		19C30BD81FAC2330000DF668 /* CommentViewModel.swift in Sources */ = {isa = PBXBuildFile; fileRef = 19C30BD71FAC2330000DF668 /* CommentViewModel.swift */; };
		19C30BDA1FAC2390000DF668 /* PhotoDetailsController.swift in Sources */ = {isa = PBXBuildFile; fileRef = 19C30BD91FAC2390000DF668 /* PhotoDetailsController.swift */; };
		19C30BDC1FAC2540000DF668 /* PhotoDetailsController.storyboard in Resources */ = {isa = PBXBuildFile; fileRef = 19C30BDB1FAC2540000DF668 /* PhotoDetailsController.storyboard */; };
		19CA4E6D1FA98CB40012FF25 /* UserViewModel.swift in Sources */ = {isa = PBXBuildFile; fileRef = 19CA4E6C1FA98CB40012FF25 /* UserViewModel.swift */; };
		19D430EA1FA9762B00D09F4A /* UITextField.swift in Sources */ = {isa = PBXBuildFile; fileRef = 19D430E91FA9762B00D09F4A /* UITextField.swift */; };
		19D430EC1FA97B3E00D09F4A /* AuthService.swift in Sources */ = {isa = PBXBuildFile; fileRef = 19D430EB1FA97B3E00D09F4A /* AuthService.swift */; };
		19D430EE1FA97E8000D09F4A /* Comment.swift in Sources */ = {isa = PBXBuildFile; fileRef = 19D430ED1FA97E8000D09F4A /* Comment.swift */; };
		19FCAEAB1FA82DD4006CF16B /* User.swift in Sources */ = {isa = PBXBuildFile; fileRef = 19FCAEAA1FA82DD4006CF16B /* User.swift */; };
		19FCAEAD1FA82E20006CF16B /* LoginController.storyboard in Resources */ = {isa = PBXBuildFile; fileRef = 19FCAEAC1FA82E20006CF16B /* LoginController.storyboard */; };
		19FCAEAF1FA82E43006CF16B /* LoginController.swift in Sources */ = {isa = PBXBuildFile; fileRef = 19FCAEAE1FA82E43006CF16B /* LoginController.swift */; };
		19FCAEB11FA830BF006CF16B /* LoginViewModel.swift in Sources */ = {isa = PBXBuildFile; fileRef = 19FCAEB01FA830BF006CF16B /* LoginViewModel.swift */; };
		19FCAEB31FA83996006CF16B /* Result.swift in Sources */ = {isa = PBXBuildFile; fileRef = 19FCAEB21FA83996006CF16B /* Result.swift */; };
		7377B282B26EE284FFFF7E16 /* Pods_MVVM.framework in Frameworks */ = {isa = PBXBuildFile; fileRef = 203CAECCF113DFB013DF5141 /* Pods_MVVM.framework */; };
/* End PBXBuildFile section */

/* Begin PBXContainerItemProxy section */
		1970EC9C1FA597960018AA40 /* PBXContainerItemProxy */ = {
			isa = PBXContainerItemProxy;
			containerPortal = 1970EC7F1FA597960018AA40 /* Project object */;
			proxyType = 1;
			remoteGlobalIDString = 1970EC861FA597960018AA40;
			remoteInfo = MVVM;
		};
/* End PBXContainerItemProxy section */

/* Begin PBXFileReference section */
		0143534570879194959F152E /* Pods_MVVMTests.framework */ = {isa = PBXFileReference; explicitFileType = wrapper.framework; includeInIndex = 0; path = Pods_MVVMTests.framework; sourceTree = BUILT_PRODUCTS_DIR; };
		1962C4111FA962E2001A1024 /* Constants.swift */ = {isa = PBXFileReference; lastKnownFileType = sourcecode.swift; path = Constants.swift; sourceTree = "<group>"; };
		1962C4141FA9636E001A1024 /* PhotoService.swift */ = {isa = PBXFileReference; lastKnownFileType = sourcecode.swift; path = PhotoService.swift; sourceTree = "<group>"; };
		1962C4161FA963B5001A1024 /* Photo.swift */ = {isa = PBXFileReference; lastKnownFileType = sourcecode.swift; path = Photo.swift; sourceTree = "<group>"; };
		1962C4181FA9648E001A1024 /* Photographer.swift */ = {isa = PBXFileReference; lastKnownFileType = sourcecode.swift; path = Photographer.swift; sourceTree = "<group>"; };
		1962C41A1FA96A6E001A1024 /* PhotoViewModel.swift */ = {isa = PBXFileReference; lastKnownFileType = sourcecode.swift; path = PhotoViewModel.swift; sourceTree = "<group>"; };
		1962C41C1FA96D2E001A1024 /* PhotoExplorerController.storyboard */ = {isa = PBXFileReference; lastKnownFileType = file.storyboard; path = PhotoExplorerController.storyboard; sourceTree = "<group>"; };
		1962C41E1FA96E60001A1024 /* PhotoCell.swift */ = {isa = PBXFileReference; lastKnownFileType = sourcecode.swift; path = PhotoCell.swift; sourceTree = "<group>"; };
		1962C4221FA96ECA001A1024 /* PhotoExplorerController.swift */ = {isa = PBXFileReference; lastKnownFileType = sourcecode.swift; path = PhotoExplorerController.swift; sourceTree = "<group>"; };
		1970EC871FA597960018AA40 /* MVVM.app */ = {isa = PBXFileReference; explicitFileType = wrapper.application; includeInIndex = 0; path = MVVM.app; sourceTree = BUILT_PRODUCTS_DIR; };
		1970EC8A1FA597960018AA40 /* AppDelegate.swift */ = {isa = PBXFileReference; lastKnownFileType = sourcecode.swift; path = AppDelegate.swift; sourceTree = "<group>"; };
		1970EC911FA597960018AA40 /* Assets.xcassets */ = {isa = PBXFileReference; lastKnownFileType = folder.assetcatalog; path = Assets.xcassets; sourceTree = "<group>"; };
		1970EC941FA597960018AA40 /* Base */ = {isa = PBXFileReference; lastKnownFileType = file.storyboard; name = Base; path = Base.lproj/LaunchScreen.storyboard; sourceTree = "<group>"; };
		1970EC961FA597960018AA40 /* Info.plist */ = {isa = PBXFileReference; lastKnownFileType = text.plist.xml; path = Info.plist; sourceTree = "<group>"; };
		1970EC9B1FA597960018AA40 /* MVVMTests.xctest */ = {isa = PBXFileReference; explicitFileType = wrapper.cfbundle; includeInIndex = 0; path = MVVMTests.xctest; sourceTree = BUILT_PRODUCTS_DIR; };
		1970EC9F1FA597960018AA40 /* MVVMTests.swift */ = {isa = PBXFileReference; lastKnownFileType = sourcecode.swift; path = MVVMTests.swift; sourceTree = "<group>"; };
		1970ECA11FA597960018AA40 /* Info.plist */ = {isa = PBXFileReference; lastKnownFileType = text.plist.xml; path = Info.plist; sourceTree = "<group>"; };
		19C30BD71FAC2330000DF668 /* CommentViewModel.swift */ = {isa = PBXFileReference; lastKnownFileType = sourcecode.swift; path = CommentViewModel.swift; sourceTree = "<group>"; };
		19C30BD91FAC2390000DF668 /* PhotoDetailsController.swift */ = {isa = PBXFileReference; lastKnownFileType = sourcecode.swift; path = PhotoDetailsController.swift; sourceTree = "<group>"; };
		19C30BDB1FAC2540000DF668 /* PhotoDetailsController.storyboard */ = {isa = PBXFileReference; lastKnownFileType = file.storyboard; path = PhotoDetailsController.storyboard; sourceTree = "<group>"; };
		19CA4E6C1FA98CB40012FF25 /* UserViewModel.swift */ = {isa = PBXFileReference; lastKnownFileType = sourcecode.swift; path = UserViewModel.swift; sourceTree = "<group>"; };
		19D430E91FA9762B00D09F4A /* UITextField.swift */ = {isa = PBXFileReference; lastKnownFileType = sourcecode.swift; path = UITextField.swift; sourceTree = "<group>"; };
		19D430EB1FA97B3E00D09F4A /* AuthService.swift */ = {isa = PBXFileReference; lastKnownFileType = sourcecode.swift; path = AuthService.swift; sourceTree = "<group>"; };
		19D430ED1FA97E8000D09F4A /* Comment.swift */ = {isa = PBXFileReference; lastKnownFileType = sourcecode.swift; path = Comment.swift; sourceTree = "<group>"; };
		19FCAEAA1FA82DD4006CF16B /* User.swift */ = {isa = PBXFileReference; lastKnownFileType = sourcecode.swift; path = User.swift; sourceTree = "<group>"; };
		19FCAEAC1FA82E20006CF16B /* LoginController.storyboard */ = {isa = PBXFileReference; lastKnownFileType = file.storyboard; path = LoginController.storyboard; sourceTree = "<group>"; };
		19FCAEAE1FA82E43006CF16B /* LoginController.swift */ = {isa = PBXFileReference; lastKnownFileType = sourcecode.swift; path = LoginController.swift; sourceTree = "<group>"; };
		19FCAEB01FA830BF006CF16B /* LoginViewModel.swift */ = {isa = PBXFileReference; lastKnownFileType = sourcecode.swift; path = LoginViewModel.swift; sourceTree = "<group>"; };
		19FCAEB21FA83996006CF16B /* Result.swift */ = {isa = PBXFileReference; lastKnownFileType = sourcecode.swift; path = Result.swift; sourceTree = "<group>"; };
		1E2AD0A4322520FCFF1B4A11 /* Pods-MVVMTests.release.xcconfig */ = {isa = PBXFileReference; includeInIndex = 1; lastKnownFileType = text.xcconfig; name = "Pods-MVVMTests.release.xcconfig"; path = "Pods/Target Support Files/Pods-MVVMTests/Pods-MVVMTests.release.xcconfig"; sourceTree = "<group>"; };
		203CAECCF113DFB013DF5141 /* Pods_MVVM.framework */ = {isa = PBXFileReference; explicitFileType = wrapper.framework; includeInIndex = 0; path = Pods_MVVM.framework; sourceTree = BUILT_PRODUCTS_DIR; };
		98F497856741237ED2E77EF3 /* Pods-MVVMTests.debug.xcconfig */ = {isa = PBXFileReference; includeInIndex = 1; lastKnownFileType = text.xcconfig; name = "Pods-MVVMTests.debug.xcconfig"; path = "Pods/Target Support Files/Pods-MVVMTests/Pods-MVVMTests.debug.xcconfig"; sourceTree = "<group>"; };
		9E2AF72B22FD250B2BC19E4A /* Pods-MVVM.debug.xcconfig */ = {isa = PBXFileReference; includeInIndex = 1; lastKnownFileType = text.xcconfig; name = "Pods-MVVM.debug.xcconfig"; path = "Pods/Target Support Files/Pods-MVVM/Pods-MVVM.debug.xcconfig"; sourceTree = "<group>"; };
		F33AF20BE2231B2C346F9839 /* Pods-MVVM.release.xcconfig */ = {isa = PBXFileReference; includeInIndex = 1; lastKnownFileType = text.xcconfig; name = "Pods-MVVM.release.xcconfig"; path = "Pods/Target Support Files/Pods-MVVM/Pods-MVVM.release.xcconfig"; sourceTree = "<group>"; };
/* End PBXFileReference section */

/* Begin PBXFrameworksBuildPhase section */
		1970EC841FA597960018AA40 /* Frameworks */ = {
			isa = PBXFrameworksBuildPhase;
			buildActionMask = 2147483647;
			files = (
				7377B282B26EE284FFFF7E16 /* Pods_MVVM.framework in Frameworks */,
			);
			runOnlyForDeploymentPostprocessing = 0;
		};
		1970EC981FA597960018AA40 /* Frameworks */ = {
			isa = PBXFrameworksBuildPhase;
			buildActionMask = 2147483647;
			files = (
				01E514794D2A40B7D29596AB /* Pods_MVVMTests.framework in Frameworks */,
			);
			runOnlyForDeploymentPostprocessing = 0;
		};
/* End PBXFrameworksBuildPhase section */

/* Begin PBXGroup section */
		1962C4131FA9635A001A1024 /* Services */ = {
			isa = PBXGroup;
			children = (
				1962C4141FA9636E001A1024 /* PhotoService.swift */,
				19D430EB1FA97B3E00D09F4A /* AuthService.swift */,
			);
			path = Services;
			sourceTree = "<group>";
		};
		1970EC7E1FA597960018AA40 = {
			isa = PBXGroup;
			children = (
				1970EC891FA597960018AA40 /* MVVM */,
				1970EC9E1FA597960018AA40 /* MVVMTests */,
				1970EC881FA597960018AA40 /* Products */,
				DD1CB18EFF8CCF19BCCD03D5 /* Pods */,
				C2EF2339D0145A4D1BEAADD6 /* Frameworks */,
			);
			sourceTree = "<group>";
		};
		1970EC881FA597960018AA40 /* Products */ = {
			isa = PBXGroup;
			children = (
				1970EC871FA597960018AA40 /* MVVM.app */,
				1970EC9B1FA597960018AA40 /* MVVMTests.xctest */,
			);
			name = Products;
			sourceTree = "<group>";
		};
		1970EC891FA597960018AA40 /* MVVM */ = {
			isa = PBXGroup;
			children = (
				19D430E81FA9761B00D09F4A /* Extensions */,
				1970ECB01FA5A0B70018AA40 /* View */,
				1970ECAB1FA59C240018AA40 /* ViewModel */,
				1962C4131FA9635A001A1024 /* Services */,
				1970ECAA1FA59C200018AA40 /* Model */,
				1970EC8A1FA597960018AA40 /* AppDelegate.swift */,
				1970EC911FA597960018AA40 /* Assets.xcassets */,
				1970EC931FA597960018AA40 /* LaunchScreen.storyboard */,
				1970EC961FA597960018AA40 /* Info.plist */,
			);
			path = MVVM;
			sourceTree = "<group>";
		};
		1970EC9E1FA597960018AA40 /* MVVMTests */ = {
			isa = PBXGroup;
			children = (
				1970EC9F1FA597960018AA40 /* MVVMTests.swift */,
				1970ECA11FA597960018AA40 /* Info.plist */,
			);
			path = MVVMTests;
			sourceTree = "<group>";
		};
		1970ECAA1FA59C200018AA40 /* Model */ = {
			isa = PBXGroup;
			children = (
				19FCAEAA1FA82DD4006CF16B /* User.swift */,
				19FCAEB21FA83996006CF16B /* Result.swift */,
				1962C4111FA962E2001A1024 /* Constants.swift */,
				1962C4161FA963B5001A1024 /* Photo.swift */,
				1962C4181FA9648E001A1024 /* Photographer.swift */,
				19D430ED1FA97E8000D09F4A /* Comment.swift */,
			);
			path = Model;
			sourceTree = "<group>";
		};
		1970ECAB1FA59C240018AA40 /* ViewModel */ = {
			isa = PBXGroup;
			children = (
				19FCAEB01FA830BF006CF16B /* LoginViewModel.swift */,
				1962C41A1FA96A6E001A1024 /* PhotoViewModel.swift */,
				19CA4E6C1FA98CB40012FF25 /* UserViewModel.swift */,
				19C30BD71FAC2330000DF668 /* CommentViewModel.swift */,
			);
			path = ViewModel;
			sourceTree = "<group>";
		};
		1970ECB01FA5A0B70018AA40 /* View */ = {
			isa = PBXGroup;
			children = (
				19C30BDD1FAC2EE5000DF668 /* Views */,
				1970ECB51FA601B90018AA40 /* Cells */,
				19FCAEAC1FA82E20006CF16B /* LoginController.storyboard */,
				19FCAEAE1FA82E43006CF16B /* LoginController.swift */,
				1962C41C1FA96D2E001A1024 /* PhotoExplorerController.storyboard */,
				1962C4221FA96ECA001A1024 /* PhotoExplorerController.swift */,
				19C30BDB1FAC2540000DF668 /* PhotoDetailsController.storyboard */,
				19C30BD91FAC2390000DF668 /* PhotoDetailsController.swift */,
			);
			path = View;
			sourceTree = "<group>";
		};
		1970ECB51FA601B90018AA40 /* Cells */ = {
			isa = PBXGroup;
			children = (
				1962C41E1FA96E60001A1024 /* PhotoCell.swift */,
			);
			path = Cells;
			sourceTree = "<group>";
		};
		19C30BDD1FAC2EE5000DF668 /* Views */ = {
			isa = PBXGroup;
			children = (
			);
			path = Views;
			sourceTree = "<group>";
		};
		19D430E81FA9761B00D09F4A /* Extensions */ = {
			isa = PBXGroup;
			children = (
				19D430E91FA9762B00D09F4A /* UITextField.swift */,
			);
			path = Extensions;
			sourceTree = "<group>";
		};
		C2EF2339D0145A4D1BEAADD6 /* Frameworks */ = {
			isa = PBXGroup;
			children = (
				203CAECCF113DFB013DF5141 /* Pods_MVVM.framework */,
				0143534570879194959F152E /* Pods_MVVMTests.framework */,
			);
			name = Frameworks;
			sourceTree = "<group>";
		};
		DD1CB18EFF8CCF19BCCD03D5 /* Pods */ = {
			isa = PBXGroup;
			children = (
				9E2AF72B22FD250B2BC19E4A /* Pods-MVVM.debug.xcconfig */,
				F33AF20BE2231B2C346F9839 /* Pods-MVVM.release.xcconfig */,
				98F497856741237ED2E77EF3 /* Pods-MVVMTests.debug.xcconfig */,
				1E2AD0A4322520FCFF1B4A11 /* Pods-MVVMTests.release.xcconfig */,
			);
			name = Pods;
			sourceTree = "<group>";
		};
/* End PBXGroup section */

/* Begin PBXNativeTarget section */
		1970EC861FA597960018AA40 /* MVVM */ = {
			isa = PBXNativeTarget;
			buildConfigurationList = 1970ECA41FA597960018AA40 /* Build configuration list for PBXNativeTarget "MVVM" */;
			buildPhases = (
				5BE8DB8C634559A2CEEC1BFF /* [CP] Check Pods Manifest.lock */,
				1970EC831FA597960018AA40 /* Sources */,
				1970EC841FA597960018AA40 /* Frameworks */,
				1970EC851FA597960018AA40 /* Resources */,
				F83E37037715F733E46BFF9D /* [CP] Embed Pods Frameworks */,
				71DDE877AA0431431521A8F3 /* [CP] Copy Pods Resources */,
			);
			buildRules = (
			);
			dependencies = (
			);
			name = MVVM;
			productName = MVVM;
			productReference = 1970EC871FA597960018AA40 /* MVVM.app */;
			productType = "com.apple.product-type.application";
		};
		1970EC9A1FA597960018AA40 /* MVVMTests */ = {
			isa = PBXNativeTarget;
			buildConfigurationList = 1970ECA71FA597960018AA40 /* Build configuration list for PBXNativeTarget "MVVMTests" */;
			buildPhases = (
				A74B6B4C88E7E4608BFA824D /* [CP] Check Pods Manifest.lock */,
				1970EC971FA597960018AA40 /* Sources */,
				1970EC981FA597960018AA40 /* Frameworks */,
				1970EC991FA597960018AA40 /* Resources */,
				7608D9F0DC74EEA65BEF1F14 /* [CP] Embed Pods Frameworks */,
				45027C036E45287DD2C1E6A0 /* [CP] Copy Pods Resources */,
			);
			buildRules = (
			);
			dependencies = (
				1970EC9D1FA597960018AA40 /* PBXTargetDependency */,
			);
			name = MVVMTests;
			productName = MVVMTests;
			productReference = 1970EC9B1FA597960018AA40 /* MVVMTests.xctest */;
			productType = "com.apple.product-type.bundle.unit-test";
		};
/* End PBXNativeTarget section */

/* Begin PBXProject section */
		1970EC7F1FA597960018AA40 /* Project object */ = {
			isa = PBXProject;
			attributes = {
				LastSwiftUpdateCheck = 0900;
				LastUpgradeCheck = 0900;
				ORGANIZATIONNAME = "Nishant Shrestha";
				TargetAttributes = {
					1970EC861FA597960018AA40 = {
						CreatedOnToolsVersion = 9.0.1;
						ProvisioningStyle = Automatic;
					};
					1970EC9A1FA597960018AA40 = {
						CreatedOnToolsVersion = 9.0.1;
						ProvisioningStyle = Automatic;
						TestTargetID = 1970EC861FA597960018AA40;
					};
				};
			};
			buildConfigurationList = 1970EC821FA597960018AA40 /* Build configuration list for PBXProject "MVVM" */;
			compatibilityVersion = "Xcode 8.0";
			developmentRegion = en;
			hasScannedForEncodings = 0;
			knownRegions = (
				en,
				Base,
			);
			mainGroup = 1970EC7E1FA597960018AA40;
			productRefGroup = 1970EC881FA597960018AA40 /* Products */;
			projectDirPath = "";
			projectRoot = "";
			targets = (
				1970EC861FA597960018AA40 /* MVVM */,
				1970EC9A1FA597960018AA40 /* MVVMTests */,
			);
		};
/* End PBXProject section */

/* Begin PBXResourcesBuildPhase section */
		1970EC851FA597960018AA40 /* Resources */ = {
			isa = PBXResourcesBuildPhase;
			buildActionMask = 2147483647;
			files = (
				1970EC951FA597960018AA40 /* LaunchScreen.storyboard in Resources */,
				19FCAEAD1FA82E20006CF16B /* LoginController.storyboard in Resources */,
				19C30BDC1FAC2540000DF668 /* PhotoDetailsController.storyboard in Resources */,
				1962C41D1FA96D2E001A1024 /* PhotoExplorerController.storyboard in Resources */,
				1970EC921FA597960018AA40 /* Assets.xcassets in Resources */,
			);
			runOnlyForDeploymentPostprocessing = 0;
		};
		1970EC991FA597960018AA40 /* Resources */ = {
			isa = PBXResourcesBuildPhase;
			buildActionMask = 2147483647;
			files = (
			);
			runOnlyForDeploymentPostprocessing = 0;
		};
/* End PBXResourcesBuildPhase section */

/* Begin PBXShellScriptBuildPhase section */
		45027C036E45287DD2C1E6A0 /* [CP] Copy Pods Resources */ = {
			isa = PBXShellScriptBuildPhase;
			buildActionMask = 2147483647;
			files = (
			);
			inputPaths = (
			);
			name = "[CP] Copy Pods Resources";
			outputPaths = (
			);
			runOnlyForDeploymentPostprocessing = 0;
			shellPath = /bin/sh;
			shellScript = "\"${SRCROOT}/Pods/Target Support Files/Pods-MVVMTests/Pods-MVVMTests-resources.sh\"\n";
			showEnvVarsInLog = 0;
		};
		5BE8DB8C634559A2CEEC1BFF /* [CP] Check Pods Manifest.lock */ = {
			isa = PBXShellScriptBuildPhase;
			buildActionMask = 2147483647;
			files = (
			);
			inputPaths = (
			);
			name = "[CP] Check Pods Manifest.lock";
			outputPaths = (
			);
			runOnlyForDeploymentPostprocessing = 0;
			shellPath = /bin/sh;
			shellScript = "diff \"${PODS_ROOT}/../Podfile.lock\" \"${PODS_ROOT}/Manifest.lock\" > /dev/null\nif [ $? != 0 ] ; then\n    # print error to STDERR\n    echo \"error: The sandbox is not in sync with the Podfile.lock. Run 'pod install' or update your CocoaPods installation.\" >&2\n    exit 1\nfi\n";
			showEnvVarsInLog = 0;
		};
		71DDE877AA0431431521A8F3 /* [CP] Copy Pods Resources */ = {
			isa = PBXShellScriptBuildPhase;
			buildActionMask = 2147483647;
			files = (
			);
			inputPaths = (
			);
			name = "[CP] Copy Pods Resources";
			outputPaths = (
			);
			runOnlyForDeploymentPostprocessing = 0;
			shellPath = /bin/sh;
			shellScript = "\"${SRCROOT}/Pods/Target Support Files/Pods-MVVM/Pods-MVVM-resources.sh\"\n";
			showEnvVarsInLog = 0;
		};
		7608D9F0DC74EEA65BEF1F14 /* [CP] Embed Pods Frameworks */ = {
			isa = PBXShellScriptBuildPhase;
			buildActionMask = 2147483647;
			files = (
			);
			inputPaths = (
			);
			name = "[CP] Embed Pods Frameworks";
			outputPaths = (
			);
			runOnlyForDeploymentPostprocessing = 0;
			shellPath = /bin/sh;
			shellScript = "\"${SRCROOT}/Pods/Target Support Files/Pods-MVVMTests/Pods-MVVMTests-frameworks.sh\"\n";
			showEnvVarsInLog = 0;
		};
		A74B6B4C88E7E4608BFA824D /* [CP] Check Pods Manifest.lock */ = {
			isa = PBXShellScriptBuildPhase;
			buildActionMask = 2147483647;
			files = (
			);
			inputPaths = (
			);
			name = "[CP] Check Pods Manifest.lock";
			outputPaths = (
			);
			runOnlyForDeploymentPostprocessing = 0;
			shellPath = /bin/sh;
			shellScript = "diff \"${PODS_ROOT}/../Podfile.lock\" \"${PODS_ROOT}/Manifest.lock\" > /dev/null\nif [ $? != 0 ] ; then\n    # print error to STDERR\n    echo \"error: The sandbox is not in sync with the Podfile.lock. Run 'pod install' or update your CocoaPods installation.\" >&2\n    exit 1\nfi\n";
			showEnvVarsInLog = 0;
		};
		F83E37037715F733E46BFF9D /* [CP] Embed Pods Frameworks */ = {
			isa = PBXShellScriptBuildPhase;
			buildActionMask = 2147483647;
			files = (
			);
			inputPaths = (
			);
			name = "[CP] Embed Pods Frameworks";
			outputPaths = (
			);
			runOnlyForDeploymentPostprocessing = 0;
			shellPath = /bin/sh;
			shellScript = "\"${SRCROOT}/Pods/Target Support Files/Pods-MVVM/Pods-MVVM-frameworks.sh\"\n";
			showEnvVarsInLog = 0;
		};
/* End PBXShellScriptBuildPhase section */

/* Begin PBXSourcesBuildPhase section */
		1970EC831FA597960018AA40 /* Sources */ = {
			isa = PBXSourcesBuildPhase;
			buildActionMask = 2147483647;
			files = (
				1962C4191FA9648E001A1024 /* Photographer.swift in Sources */,
				19C30BD81FAC2330000DF668 /* CommentViewModel.swift in Sources */,
				1970EC8B1FA597960018AA40 /* AppDelegate.swift in Sources */,
				19C30BDA1FAC2390000DF668 /* PhotoDetailsController.swift in Sources */,
				1962C4121FA962E2001A1024 /* Constants.swift in Sources */,
				1962C41F1FA96E60001A1024 /* PhotoCell.swift in Sources */,
				1962C41B1FA96A6E001A1024 /* PhotoViewModel.swift in Sources */,
				1962C4231FA96ECA001A1024 /* PhotoExplorerController.swift in Sources */,
				1962C4171FA963B5001A1024 /* Photo.swift in Sources */,
				19D430EA1FA9762B00D09F4A /* UITextField.swift in Sources */,
				19FCAEAF1FA82E43006CF16B /* LoginController.swift in Sources */,
				19CA4E6D1FA98CB40012FF25 /* UserViewModel.swift in Sources */,
				19FCAEB31FA83996006CF16B /* Result.swift in Sources */,
				1962C4151FA9636E001A1024 /* PhotoService.swift in Sources */,
				19D430EE1FA97E8000D09F4A /* Comment.swift in Sources */,
				19D430EC1FA97B3E00D09F4A /* AuthService.swift in Sources */,
				19FCAEAB1FA82DD4006CF16B /* User.swift in Sources */,
				19FCAEB11FA830BF006CF16B /* LoginViewModel.swift in Sources */,
			);
			runOnlyForDeploymentPostprocessing = 0;
		};
		1970EC971FA597960018AA40 /* Sources */ = {
			isa = PBXSourcesBuildPhase;
			buildActionMask = 2147483647;
			files = (
				1970ECA01FA597960018AA40 /* MVVMTests.swift in Sources */,
			);
			runOnlyForDeploymentPostprocessing = 0;
		};
/* End PBXSourcesBuildPhase section */

/* Begin PBXTargetDependency section */
		1970EC9D1FA597960018AA40 /* PBXTargetDependency */ = {
			isa = PBXTargetDependency;
			target = 1970EC861FA597960018AA40 /* MVVM */;
			targetProxy = 1970EC9C1FA597960018AA40 /* PBXContainerItemProxy */;
		};
/* End PBXTargetDependency section */

/* Begin PBXVariantGroup section */
		1970EC931FA597960018AA40 /* LaunchScreen.storyboard */ = {
			isa = PBXVariantGroup;
			children = (
				1970EC941FA597960018AA40 /* Base */,
			);
			name = LaunchScreen.storyboard;
			sourceTree = "<group>";
		};
/* End PBXVariantGroup section */

/* Begin XCBuildConfiguration section */
		1970ECA21FA597960018AA40 /* Debug */ = {
			isa = XCBuildConfiguration;
			buildSettings = {
				ALWAYS_SEARCH_USER_PATHS = NO;
				CLANG_ANALYZER_NONNULL = YES;
				CLANG_ANALYZER_NUMBER_OBJECT_CONVERSION = YES_AGGRESSIVE;
				CLANG_CXX_LANGUAGE_STANDARD = "gnu++14";
				CLANG_CXX_LIBRARY = "libc++";
				CLANG_ENABLE_MODULES = YES;
				CLANG_ENABLE_OBJC_ARC = YES;
				CLANG_WARN_BLOCK_CAPTURE_AUTORELEASING = YES;
				CLANG_WARN_BOOL_CONVERSION = YES;
				CLANG_WARN_COMMA = YES;
				CLANG_WARN_CONSTANT_CONVERSION = YES;
				CLANG_WARN_DIRECT_OBJC_ISA_USAGE = YES_ERROR;
				CLANG_WARN_DOCUMENTATION_COMMENTS = YES;
				CLANG_WARN_EMPTY_BODY = YES;
				CLANG_WARN_ENUM_CONVERSION = YES;
				CLANG_WARN_INFINITE_RECURSION = YES;
				CLANG_WARN_INT_CONVERSION = YES;
				CLANG_WARN_NON_LITERAL_NULL_CONVERSION = YES;
				CLANG_WARN_OBJC_LITERAL_CONVERSION = YES;
				CLANG_WARN_OBJC_ROOT_CLASS = YES_ERROR;
				CLANG_WARN_RANGE_LOOP_ANALYSIS = YES;
				CLANG_WARN_STRICT_PROTOTYPES = YES;
				CLANG_WARN_SUSPICIOUS_MOVE = YES;
				CLANG_WARN_UNGUARDED_AVAILABILITY = YES_AGGRESSIVE;
				CLANG_WARN_UNREACHABLE_CODE = YES;
				CLANG_WARN__DUPLICATE_METHOD_MATCH = YES;
				CODE_SIGN_IDENTITY = "iPhone Developer";
				COPY_PHASE_STRIP = NO;
				DEBUG_INFORMATION_FORMAT = dwarf;
				ENABLE_STRICT_OBJC_MSGSEND = YES;
				ENABLE_TESTABILITY = YES;
				GCC_C_LANGUAGE_STANDARD = gnu11;
				GCC_DYNAMIC_NO_PIC = NO;
				GCC_NO_COMMON_BLOCKS = YES;
				GCC_OPTIMIZATION_LEVEL = 0;
				GCC_PREPROCESSOR_DEFINITIONS = (
					"DEBUG=1",
					"$(inherited)",
				);
				GCC_WARN_64_TO_32_BIT_CONVERSION = YES;
				GCC_WARN_ABOUT_RETURN_TYPE = YES_ERROR;
				GCC_WARN_UNDECLARED_SELECTOR = YES;
				GCC_WARN_UNINITIALIZED_AUTOS = YES_AGGRESSIVE;
				GCC_WARN_UNUSED_FUNCTION = YES;
				GCC_WARN_UNUSED_VARIABLE = YES;
				HEADER_SEARCH_PATHS = "$(inherited)";
				IPHONEOS_DEPLOYMENT_TARGET = 11.0;
				MTL_ENABLE_DEBUG_INFO = YES;
				ONLY_ACTIVE_ARCH = YES;
				SDKROOT = iphoneos;
				SWIFT_ACTIVE_COMPILATION_CONDITIONS = DEBUG;
				SWIFT_OPTIMIZATION_LEVEL = "-Onone";
			};
			name = Debug;
		};
		1970ECA31FA597960018AA40 /* Release */ = {
			isa = XCBuildConfiguration;
			buildSettings = {
				ALWAYS_SEARCH_USER_PATHS = NO;
				CLANG_ANALYZER_NONNULL = YES;
				CLANG_ANALYZER_NUMBER_OBJECT_CONVERSION = YES_AGGRESSIVE;
				CLANG_CXX_LANGUAGE_STANDARD = "gnu++14";
				CLANG_CXX_LIBRARY = "libc++";
				CLANG_ENABLE_MODULES = YES;
				CLANG_ENABLE_OBJC_ARC = YES;
				CLANG_WARN_BLOCK_CAPTURE_AUTORELEASING = YES;
				CLANG_WARN_BOOL_CONVERSION = YES;
				CLANG_WARN_COMMA = YES;
				CLANG_WARN_CONSTANT_CONVERSION = YES;
				CLANG_WARN_DIRECT_OBJC_ISA_USAGE = YES_ERROR;
				CLANG_WARN_DOCUMENTATION_COMMENTS = YES;
				CLANG_WARN_EMPTY_BODY = YES;
				CLANG_WARN_ENUM_CONVERSION = YES;
				CLANG_WARN_INFINITE_RECURSION = YES;
				CLANG_WARN_INT_CONVERSION = YES;
				CLANG_WARN_NON_LITERAL_NULL_CONVERSION = YES;
				CLANG_WARN_OBJC_LITERAL_CONVERSION = YES;
				CLANG_WARN_OBJC_ROOT_CLASS = YES_ERROR;
				CLANG_WARN_RANGE_LOOP_ANALYSIS = YES;
				CLANG_WARN_STRICT_PROTOTYPES = YES;
				CLANG_WARN_SUSPICIOUS_MOVE = YES;
				CLANG_WARN_UNGUARDED_AVAILABILITY = YES_AGGRESSIVE;
				CLANG_WARN_UNREACHABLE_CODE = YES;
				CLANG_WARN__DUPLICATE_METHOD_MATCH = YES;
				CODE_SIGN_IDENTITY = "iPhone Developer";
				COPY_PHASE_STRIP = NO;
				DEBUG_INFORMATION_FORMAT = "dwarf-with-dsym";
				ENABLE_NS_ASSERTIONS = NO;
				ENABLE_STRICT_OBJC_MSGSEND = YES;
				GCC_C_LANGUAGE_STANDARD = gnu11;
				GCC_NO_COMMON_BLOCKS = YES;
				GCC_WARN_64_TO_32_BIT_CONVERSION = YES;
				GCC_WARN_ABOUT_RETURN_TYPE = YES_ERROR;
				GCC_WARN_UNDECLARED_SELECTOR = YES;
				GCC_WARN_UNINITIALIZED_AUTOS = YES_AGGRESSIVE;
				GCC_WARN_UNUSED_FUNCTION = YES;
				GCC_WARN_UNUSED_VARIABLE = YES;
				IPHONEOS_DEPLOYMENT_TARGET = 11.0;
				MTL_ENABLE_DEBUG_INFO = NO;
				SDKROOT = iphoneos;
				SWIFT_OPTIMIZATION_LEVEL = "-Owholemodule";
				VALIDATE_PRODUCT = YES;
			};
			name = Release;
		};
		1970ECA51FA597960018AA40 /* Debug */ = {
			isa = XCBuildConfiguration;
			baseConfigurationReference = 9E2AF72B22FD250B2BC19E4A /* Pods-MVVM.debug.xcconfig */;
			buildSettings = {
				ASSETCATALOG_COMPILER_APPICON_NAME = AppIcon;
				"CODE_SIGN_IDENTITY[sdk=iphoneos*]" = "iPhone Developer";
				CODE_SIGN_STYLE = Automatic;
				DEVELOPMENT_TEAM = 8H8NA2224S;
				INFOPLIST_FILE = MVVM/Info.plist;
				LD_RUNPATH_SEARCH_PATHS = "$(inherited) @executable_path/Frameworks";
				PRODUCT_BUNDLE_IDENTIFIER = au.com.nishantshrestha.MVVM.unique;
				PRODUCT_NAME = "$(TARGET_NAME)";
				PROVISIONING_PROFILE_SPECIFIER = "";
				SWIFT_VERSION = 4.0;
				TARGETED_DEVICE_FAMILY = "1,2";
			};
			name = Debug;
		};
		1970ECA61FA597960018AA40 /* Release */ = {
			isa = XCBuildConfiguration;
			baseConfigurationReference = F33AF20BE2231B2C346F9839 /* Pods-MVVM.release.xcconfig */;
			buildSettings = {
				ASSETCATALOG_COMPILER_APPICON_NAME = AppIcon;
				"CODE_SIGN_IDENTITY[sdk=iphoneos*]" = "iPhone Developer";
				CODE_SIGN_STYLE = Automatic;
				DEVELOPMENT_TEAM = 8H8NA2224S;
				INFOPLIST_FILE = MVVM/Info.plist;
				LD_RUNPATH_SEARCH_PATHS = "$(inherited) @executable_path/Frameworks";
				PRODUCT_BUNDLE_IDENTIFIER = au.com.nishantshrestha.MVVM.unique;
				PRODUCT_NAME = "$(TARGET_NAME)";
				PROVISIONING_PROFILE_SPECIFIER = "";
				SWIFT_VERSION = 4.0;
				TARGETED_DEVICE_FAMILY = "1,2";
			};
			name = Release;
		};
		1970ECA81FA597960018AA40 /* Debug */ = {
			isa = XCBuildConfiguration;
			baseConfigurationReference = 98F497856741237ED2E77EF3 /* Pods-MVVMTests.debug.xcconfig */;
			buildSettings = {
				ALWAYS_EMBED_SWIFT_STANDARD_LIBRARIES = YES;
				BUNDLE_LOADER = "$(TEST_HOST)";
				CODE_SIGN_STYLE = Automatic;
				DEVELOPMENT_TEAM = 6LLLFQ93JK;
				INFOPLIST_FILE = MVVMTests/Info.plist;
				LD_RUNPATH_SEARCH_PATHS = "$(inherited) @executable_path/Frameworks @loader_path/Frameworks";
				PRODUCT_BUNDLE_IDENTIFIER = au.com.nishantshrestha.MVVMTests;
				PRODUCT_NAME = "$(TARGET_NAME)";
				SWIFT_VERSION = 4.0;
				TARGETED_DEVICE_FAMILY = "1,2";
				TEST_HOST = "$(BUILT_PRODUCTS_DIR)/MVVM.app/MVVM";
			};
			name = Debug;
		};
		1970ECA91FA597960018AA40 /* Release */ = {
			isa = XCBuildConfiguration;
			baseConfigurationReference = 1E2AD0A4322520FCFF1B4A11 /* Pods-MVVMTests.release.xcconfig */;
			buildSettings = {
				ALWAYS_EMBED_SWIFT_STANDARD_LIBRARIES = YES;
				BUNDLE_LOADER = "$(TEST_HOST)";
				CODE_SIGN_STYLE = Automatic;
				DEVELOPMENT_TEAM = 6LLLFQ93JK;
				INFOPLIST_FILE = MVVMTests/Info.plist;
				LD_RUNPATH_SEARCH_PATHS = "$(inherited) @executable_path/Frameworks @loader_path/Frameworks";
				PRODUCT_BUNDLE_IDENTIFIER = au.com.nishantshrestha.MVVMTests;
				PRODUCT_NAME = "$(TARGET_NAME)";
				SWIFT_VERSION = 4.0;
				TARGETED_DEVICE_FAMILY = "1,2";
				TEST_HOST = "$(BUILT_PRODUCTS_DIR)/MVVM.app/MVVM";
			};
			name = Release;
		};
/* End XCBuildConfiguration section */

/* Begin XCConfigurationList section */
		1970EC821FA597960018AA40 /* Build configuration list for PBXProject "MVVM" */ = {
			isa = XCConfigurationList;
			buildConfigurations = (
				1970ECA21FA597960018AA40 /* Debug */,
				1970ECA31FA597960018AA40 /* Release */,
			);
			defaultConfigurationIsVisible = 0;
			defaultConfigurationName = Release;
		};
		1970ECA41FA597960018AA40 /* Build configuration list for PBXNativeTarget "MVVM" */ = {
			isa = XCConfigurationList;
			buildConfigurations = (
				1970ECA51FA597960018AA40 /* Debug */,
				1970ECA61FA597960018AA40 /* Release */,
			);
			defaultConfigurationIsVisible = 0;
			defaultConfigurationName = Release;
		};
		1970ECA71FA597960018AA40 /* Build configuration list for PBXNativeTarget "MVVMTests" */ = {
			isa = XCConfigurationList;
			buildConfigurations = (
				1970ECA81FA597960018AA40 /* Debug */,
				1970ECA91FA597960018AA40 /* Release */,
			);
			defaultConfigurationIsVisible = 0;
			defaultConfigurationName = Release;
		};
/* End XCConfigurationList section */
	};
	rootObject = 1970EC7F1FA597960018AA40 /* Project object */;
}
